
Microsoft Visual Studio Solution File, Format Version 12.00
# Visual Studio Version 17
VisualStudioVersion = 17.0.31521.260
MinimumVisualStudioVersion = 10.0.40219.1
Project("{FAE04EC0-301F-11D3-BF4B-00C04F79EFBC}") = "TemplatePattern", "TemplatePattern\TemplatePattern.csproj", "{09738133-28DC-405B-BA8C-3B7D0C4BBC3A}"
EndProject
Global
	GlobalSection(SolutionConfigurationPlatforms) = preSolution
		Debug|Any CPU = Debug|Any CPU
		Release|Any CPU = Release|Any CPU
	EndGlobalSection
	GlobalSection(ProjectConfigurationPlatforms) = postSolution
		{09738133-28DC-405B-BA8C-3B7D0C4BBC3A}.Debug|Any CPU.ActiveCfg = Debug|Any CPU
		{09738133-28DC-405B-BA8C-3B7D0C4BBC3A}.Debug|Any CPU.Build.0 = Debug|Any CPU
		{09738133-28DC-405B-BA8C-3B7D0C4BBC3A}.Release|Any CPU.ActiveCfg = Release|Any CPU
		{09738133-28DC-405B-BA8C-3B7D0C4BBC3A}.Release|Any CPU.Build.0 = Release|Any CPU
	EndGlobalSection
	GlobalSection(SolutionProperties) = preSolution
		HideSolutionNode = FALSE
	EndGlobalSection
	GlobalSection(ExtensibilityGlobals) = postSolution
		SolutionGuid = {0C09D8B6-898D-42AD-B4BA-689C0A75C76F}
	EndGlobalSection
EndGlobal
